
Microsoft Visual Studio Solution File, Format Version 12.00
# Visual Studio Version 17
VisualStudioVersion = 17.6.33815.320
MinimumVisualStudioVersion = 10.0.40219.1
Project("{9092AA53-FB77-4645-B42D-1CCCA6BD08BD}") = "NodejsWebApp2", "NodejsWebApp2\NodejsWebApp2.njsproj", "{9A54826D-4DC4-49C4-8D8F-6E1A738256CB}"
EndProject
Global
	GlobalSection(SolutionConfigurationPlatforms) = preSolution
		Debug|Any CPU = Debug|Any CPU
		Release|Any CPU = Release|Any CPU
	EndGlobalSection
	GlobalSection(ProjectConfigurationPlatforms) = postSolution
		{9A54826D-4DC4-49C4-8D8F-6E1A738256CB}.Debug|Any CPU.ActiveCfg = Debug|Any CPU
		{9A54826D-4DC4-49C4-8D8F-6E1A738256CB}.Debug|Any CPU.Build.0 = Debug|Any CPU
		{9A54826D-4DC4-49C4-8D8F-6E1A738256CB}.Release|Any CPU.ActiveCfg = Release|Any CPU
		{9A54826D-4DC4-49C4-8D8F-6E1A738256CB}.Release|Any CPU.Build.0 = Release|Any CPU
	EndGlobalSection
	GlobalSection(SolutionProperties) = preSolution
		HideSolutionNode = FALSE
	EndGlobalSection
	GlobalSection(ExtensibilityGlobals) = postSolution
		SolutionGuid = {5ACC0E43-69AC-430A-BDDF-ABECE4813A76}
	EndGlobalSection
EndGlobal
